
Microsoft Visual Studio Solution File, Format Version 12.00
# Visual Studio Version 17
VisualStudioVersion = 17.2.32616.157
MinimumVisualStudioVersion = 10.0.40219.1
Project("{FAE04EC0-301F-11D3-BF4B-00C04F79EFBC}") = "FamilyTree-ECE1895", "FamilyTree-ECE1895\FamilyTree-ECE1895.csproj", "{9DBD0493-18F1-4BDA-A5D8-EAB8CC6F5AC5}"
EndProject
Global
	GlobalSection(SolutionConfigurationPlatforms) = preSolution
		Debug|Any CPU = Debug|Any CPU
		Release|Any CPU = Release|Any CPU
	EndGlobalSection
	GlobalSection(ProjectConfigurationPlatforms) = postSolution
		{9DBD0493-18F1-4BDA-A5D8-EAB8CC6F5AC5}.Debug|Any CPU.ActiveCfg = Debug|Any CPU
		{9DBD0493-18F1-4BDA-A5D8-EAB8CC6F5AC5}.Debug|Any CPU.Build.0 = Debug|Any CPU
		{9DBD0493-18F1-4BDA-A5D8-EAB8CC6F5AC5}.Release|Any CPU.ActiveCfg = Release|Any CPU
		{9DBD0493-18F1-4BDA-A5D8-EAB8CC6F5AC5}.Release|Any CPU.Build.0 = Release|Any CPU
	EndGlobalSection
	GlobalSection(SolutionProperties) = preSolution
		HideSolutionNode = FALSE
	EndGlobalSection
	GlobalSection(ExtensibilityGlobals) = postSolution
		SolutionGuid = {CC21502F-BF10-4608-8884-C473C804DF5A}
	EndGlobalSection
EndGlobal
